// !$*UTF8*$!
{
	archiveVersion = 1;
	classes = {
	};
	objectVersion = 55;
	objects = {

/* Begin PBXBuildFile section */
		521CCCD928A8915300F57F9B /* AppDelegate.swift in Sources */ = {isa = PBXBuildFile; fileRef = 521CCCD828A8915300F57F9B /* AppDelegate.swift */; };
		521CCCDB28A8915300F57F9B /* SceneDelegate.swift in Sources */ = {isa = PBXBuildFile; fileRef = 521CCCDA28A8915300F57F9B /* SceneDelegate.swift */; };
		521CCCDD28A8915300F57F9B /* ViewController.swift in Sources */ = {isa = PBXBuildFile; fileRef = 521CCCDC28A8915300F57F9B /* ViewController.swift */; };
		521CCCE028A8915300F57F9B /* Main.storyboard in Resources */ = {isa = PBXBuildFile; fileRef = 521CCCDE28A8915300F57F9B /* Main.storyboard */; };
		521CCCE228A8915500F57F9B /* Assets.xcassets in Resources */ = {isa = PBXBuildFile; fileRef = 521CCCE128A8915500F57F9B /* Assets.xcassets */; };
		521CCCE528A8915500F57F9B /* LaunchScreen.storyboard in Resources */ = {isa = PBXBuildFile; fileRef = 521CCCE328A8915500F57F9B /* LaunchScreen.storyboard */; };
		521CCCEC28A891A600F57F9B /* common.xcconfig in Resources */ = {isa = PBXBuildFile; fileRef = 521CCCEB28A891A600F57F9B /* common.xcconfig */; };
		521CCCEF28A8941400F57F9B /* ProjectRobot.rcproject in Sources */ = {isa = PBXBuildFile; fileRef = 521CCCEE28A8941400F57F9B /* ProjectRobot.rcproject */; };
		524C290B28A8953B00B939F9 /* RealityKitPlus in Frameworks */ = {isa = PBXBuildFile; productRef = 524C290A28A8953B00B939F9 /* RealityKitPlus */; };
		524C290D28A8954000B939F9 /* RealityKitPlus in Frameworks */ = {isa = PBXBuildFile; productRef = 524C290C28A8954000B939F9 /* RealityKitPlus */; };
		524C293728A8D00000B939F9 /* alps_field_1k.skybox in Resources */ = {isa = PBXBuildFile; fileRef = 524C293628A8D00000B939F9 /* alps_field_1k.skybox */; };
		524C295128A9496100B939F9 /* CustomMaterial.metal in Sources */ = {isa = PBXBuildFile; fileRef = 524C295028A9496100B939F9 /* CustomMaterial.metal */; };
		524C295328A9606000B939F9 /* tmp.swift in Sources */ = {isa = PBXBuildFile; fileRef = 524C295228A9606000B939F9 /* tmp.swift */; };
		524C295B28AA828200B939F9 /* AppDelegate.swift in Sources */ = {isa = PBXBuildFile; fileRef = 524C295A28AA828200B939F9 /* AppDelegate.swift */; };
		524C295D28AA828200B939F9 /* SceneDelegate.swift in Sources */ = {isa = PBXBuildFile; fileRef = 524C295C28AA828200B939F9 /* SceneDelegate.swift */; };
		524C295F28AA828200B939F9 /* ViewController.swift in Sources */ = {isa = PBXBuildFile; fileRef = 524C295E28AA828200B939F9 /* ViewController.swift */; };
		524C296228AA828200B939F9 /* Main.storyboard in Resources */ = {isa = PBXBuildFile; fileRef = 524C296028AA828200B939F9 /* Main.storyboard */; };
		524C296428AA828300B939F9 /* Assets.xcassets in Resources */ = {isa = PBXBuildFile; fileRef = 524C296328AA828300B939F9 /* Assets.xcassets */; };
		524C296728AA828300B939F9 /* LaunchScreen.storyboard in Resources */ = {isa = PBXBuildFile; fileRef = 524C296528AA828300B939F9 /* LaunchScreen.storyboard */; };
		524C296E28AA842600B939F9 /* football.rcproject in Sources */ = {isa = PBXBuildFile; fileRef = 524C296D28AA842600B939F9 /* football.rcproject */; };
		524C297028AA8AE000B939F9 /* alps_field_1k.skybox in Resources */ = {isa = PBXBuildFile; fileRef = 524C296F28AA8AE000B939F9 /* alps_field_1k.skybox */; };
		524C297328AB1CDA00B939F9 /* ControllerView.xib in Resources */ = {isa = PBXBuildFile; fileRef = 524C297228AB1CDA00B939F9 /* ControllerView.xib */; };
		524C297528AB1D0500B939F9 /* ControllerView.swift in Sources */ = {isa = PBXBuildFile; fileRef = 524C297428AB1D0500B939F9 /* ControllerView.swift */; };
		524C297728ABDC3300B939F9 /* RealityKitPlus in Frameworks */ = {isa = PBXBuildFile; productRef = 524C297628ABDC3300B939F9 /* RealityKitPlus */; };
		524DC38028A7C64D0098EF11 /* AppDelegate.swift in Sources */ = {isa = PBXBuildFile; fileRef = 524DC37F28A7C64D0098EF11 /* AppDelegate.swift */; };
		524DC38228A7C64D0098EF11 /* SceneDelegate.swift in Sources */ = {isa = PBXBuildFile; fileRef = 524DC38128A7C64D0098EF11 /* SceneDelegate.swift */; };
		524DC38428A7C64D0098EF11 /* ViewController.swift in Sources */ = {isa = PBXBuildFile; fileRef = 524DC38328A7C64D0098EF11 /* ViewController.swift */; };
		524DC38728A7C64D0098EF11 /* Main.storyboard in Resources */ = {isa = PBXBuildFile; fileRef = 524DC38528A7C64D0098EF11 /* Main.storyboard */; };
		524DC38928A7C64F0098EF11 /* Assets.xcassets in Resources */ = {isa = PBXBuildFile; fileRef = 524DC38828A7C64F0098EF11 /* Assets.xcassets */; };
		524DC38C28A7C64F0098EF11 /* LaunchScreen.storyboard in Resources */ = {isa = PBXBuildFile; fileRef = 524DC38A28A7C64F0098EF11 /* LaunchScreen.storyboard */; };
		524DC39328A7C86A0098EF11 /* SkeletonLib in Frameworks */ = {isa = PBXBuildFile; productRef = 524DC39228A7C86A0098EF11 /* SkeletonLib */; };
		524DC39828A7CDCC0098EF11 /* ProjectRobot.rcproject in Sources */ = {isa = PBXBuildFile; fileRef = 524DC39728A7CDC30098EF11 /* ProjectRobot.rcproject */; };
		52FB4EC728A7D16E00763143 /* SkeletonDefinition+robot.swift in Sources */ = {isa = PBXBuildFile; fileRef = 52FB4EC628A7D16E00763143 /* SkeletonDefinition+robot.swift */; };
/* End PBXBuildFile section */

/* Begin PBXFileReference section */
		521CCCD628A8915300F57F9B /* custom-material.app */ = {isa = PBXFileReference; explicitFileType = wrapper.application; includeInIndex = 0; path = "custom-material.app"; sourceTree = BUILT_PRODUCTS_DIR; };
		521CCCD828A8915300F57F9B /* AppDelegate.swift */ = {isa = PBXFileReference; lastKnownFileType = sourcecode.swift; path = AppDelegate.swift; sourceTree = "<group>"; };
		521CCCDA28A8915300F57F9B /* SceneDelegate.swift */ = {isa = PBXFileReference; lastKnownFileType = sourcecode.swift; path = SceneDelegate.swift; sourceTree = "<group>"; };
		521CCCDC28A8915300F57F9B /* ViewController.swift */ = {isa = PBXFileReference; lastKnownFileType = sourcecode.swift; path = ViewController.swift; sourceTree = "<group>"; };
		521CCCDF28A8915300F57F9B /* Base */ = {isa = PBXFileReference; lastKnownFileType = file.storyboard; name = Base; path = Base.lproj/Main.storyboard; sourceTree = "<group>"; };
		521CCCE128A8915500F57F9B /* Assets.xcassets */ = {isa = PBXFileReference; lastKnownFileType = folder.assetcatalog; path = Assets.xcassets; sourceTree = "<group>"; };
		521CCCE428A8915500F57F9B /* Base */ = {isa = PBXFileReference; lastKnownFileType = file.storyboard; name = Base; path = Base.lproj/LaunchScreen.storyboard; sourceTree = "<group>"; };
		521CCCE628A8915500F57F9B /* Info.plist */ = {isa = PBXFileReference; lastKnownFileType = text.plist.xml; path = Info.plist; sourceTree = "<group>"; };
		521CCCEB28A891A600F57F9B /* common.xcconfig */ = {isa = PBXFileReference; fileEncoding = 4; lastKnownFileType = text.xcconfig; path = common.xcconfig; sourceTree = "<group>"; };
		521CCCEE28A8941400F57F9B /* ProjectRobot.rcproject */ = {isa = PBXFileReference; lastKnownFileType = file.rcproject; path = ProjectRobot.rcproject; sourceTree = "<group>"; };
		524C293628A8D00000B939F9 /* alps_field_1k.skybox */ = {isa = PBXFileReference; lastKnownFileType = file.skybox; path = alps_field_1k.skybox; sourceTree = "<group>"; };
		524C295028A9496100B939F9 /* CustomMaterial.metal */ = {isa = PBXFileReference; lastKnownFileType = sourcecode.metal; path = CustomMaterial.metal; sourceTree = "<group>"; };
		524C295228A9606000B939F9 /* tmp.swift */ = {isa = PBXFileReference; lastKnownFileType = sourcecode.swift; path = tmp.swift; sourceTree = "<group>"; };
		524C295828AA828200B939F9 /* football.app */ = {isa = PBXFileReference; explicitFileType = wrapper.application; includeInIndex = 0; path = football.app; sourceTree = BUILT_PRODUCTS_DIR; };
		524C295A28AA828200B939F9 /* AppDelegate.swift */ = {isa = PBXFileReference; lastKnownFileType = sourcecode.swift; path = AppDelegate.swift; sourceTree = "<group>"; };
		524C295C28AA828200B939F9 /* SceneDelegate.swift */ = {isa = PBXFileReference; lastKnownFileType = sourcecode.swift; path = SceneDelegate.swift; sourceTree = "<group>"; };
		524C295E28AA828200B939F9 /* ViewController.swift */ = {isa = PBXFileReference; lastKnownFileType = sourcecode.swift; path = ViewController.swift; sourceTree = "<group>"; };
		524C296128AA828200B939F9 /* Base */ = {isa = PBXFileReference; lastKnownFileType = file.storyboard; name = Base; path = Base.lproj/Main.storyboard; sourceTree = "<group>"; };
		524C296328AA828300B939F9 /* Assets.xcassets */ = {isa = PBXFileReference; lastKnownFileType = folder.assetcatalog; path = Assets.xcassets; sourceTree = "<group>"; };
		524C296628AA828300B939F9 /* Base */ = {isa = PBXFileReference; lastKnownFileType = file.storyboard; name = Base; path = Base.lproj/LaunchScreen.storyboard; sourceTree = "<group>"; };
		524C296828AA828300B939F9 /* Info.plist */ = {isa = PBXFileReference; lastKnownFileType = text.plist.xml; path = Info.plist; sourceTree = "<group>"; };
		524C296D28AA842600B939F9 /* football.rcproject */ = {isa = PBXFileReference; lastKnownFileType = file.rcproject; path = football.rcproject; sourceTree = "<group>"; };
		524C296F28AA8AE000B939F9 /* alps_field_1k.skybox */ = {isa = PBXFileReference; lastKnownFileType = file.skybox; path = alps_field_1k.skybox; sourceTree = "<group>"; };
		524C297228AB1CDA00B939F9 /* ControllerView.xib */ = {isa = PBXFileReference; lastKnownFileType = file.xib; path = ControllerView.xib; sourceTree = "<group>"; };
		524C297428AB1D0500B939F9 /* ControllerView.swift */ = {isa = PBXFileReference; lastKnownFileType = sourcecode.swift; path = ControllerView.swift; sourceTree = "<group>"; };
		524DC37C28A7C64D0098EF11 /* skeleton.app */ = {isa = PBXFileReference; explicitFileType = wrapper.application; includeInIndex = 0; path = skeleton.app; sourceTree = BUILT_PRODUCTS_DIR; };
		524DC37F28A7C64D0098EF11 /* AppDelegate.swift */ = {isa = PBXFileReference; lastKnownFileType = sourcecode.swift; path = AppDelegate.swift; sourceTree = "<group>"; };
		524DC38128A7C64D0098EF11 /* SceneDelegate.swift */ = {isa = PBXFileReference; lastKnownFileType = sourcecode.swift; path = SceneDelegate.swift; sourceTree = "<group>"; };
		524DC38328A7C64D0098EF11 /* ViewController.swift */ = {isa = PBXFileReference; lastKnownFileType = sourcecode.swift; path = ViewController.swift; sourceTree = "<group>"; };
		524DC38628A7C64D0098EF11 /* Base */ = {isa = PBXFileReference; lastKnownFileType = file.storyboard; name = Base; path = Base.lproj/Main.storyboard; sourceTree = "<group>"; };
		524DC38828A7C64F0098EF11 /* Assets.xcassets */ = {isa = PBXFileReference; lastKnownFileType = folder.assetcatalog; path = Assets.xcassets; sourceTree = "<group>"; };
		524DC38B28A7C64F0098EF11 /* Base */ = {isa = PBXFileReference; lastKnownFileType = file.storyboard; name = Base; path = Base.lproj/LaunchScreen.storyboard; sourceTree = "<group>"; };
		524DC38D28A7C64F0098EF11 /* Info.plist */ = {isa = PBXFileReference; lastKnownFileType = text.plist.xml; path = Info.plist; sourceTree = "<group>"; };
		524DC39728A7CDC30098EF11 /* ProjectRobot.rcproject */ = {isa = PBXFileReference; lastKnownFileType = file.rcproject; path = ProjectRobot.rcproject; sourceTree = "<group>"; };
		52FB4EC628A7D16E00763143 /* SkeletonDefinition+robot.swift */ = {isa = PBXFileReference; lastKnownFileType = sourcecode.swift; path = "SkeletonDefinition+robot.swift"; sourceTree = "<group>"; };
/* End PBXFileReference section */

/* Begin PBXFrameworksBuildPhase section */
		521CCCD328A8915300F57F9B /* Frameworks */ = {
			isa = PBXFrameworksBuildPhase;
			buildActionMask = 2147483647;
			files = (
				524C290D28A8954000B939F9 /* RealityKitPlus in Frameworks */,
			);
			runOnlyForDeploymentPostprocessing = 0;
		};
		524C295528AA828200B939F9 /* Frameworks */ = {
			isa = PBXFrameworksBuildPhase;
			buildActionMask = 2147483647;
			files = (
				524C297728ABDC3300B939F9 /* RealityKitPlus in Frameworks */,
			);
			runOnlyForDeploymentPostprocessing = 0;
		};
		524DC37928A7C64D0098EF11 /* Frameworks */ = {
			isa = PBXFrameworksBuildPhase;
			buildActionMask = 2147483647;
			files = (
				524C290B28A8953B00B939F9 /* RealityKitPlus in Frameworks */,
				524DC39328A7C86A0098EF11 /* SkeletonLib in Frameworks */,
			);
			runOnlyForDeploymentPostprocessing = 0;
		};
/* End PBXFrameworksBuildPhase section */

/* Begin PBXGroup section */
		521CCCD728A8915300F57F9B /* custom-material */ = {
			isa = PBXGroup;
			children = (
				524C294F28A9493700B939F9 /* shader */,
				521CCCED28A893B800F57F9B /* resources */,
				521CCCD828A8915300F57F9B /* AppDelegate.swift */,
				521CCCDA28A8915300F57F9B /* SceneDelegate.swift */,
				521CCCDC28A8915300F57F9B /* ViewController.swift */,
				524C295228A9606000B939F9 /* tmp.swift */,
				521CCCDE28A8915300F57F9B /* Main.storyboard */,
				521CCCE128A8915500F57F9B /* Assets.xcassets */,
				521CCCE328A8915500F57F9B /* LaunchScreen.storyboard */,
				521CCCE628A8915500F57F9B /* Info.plist */,
			);
			path = "custom-material";
			sourceTree = "<group>";
		};
		521CCCEA28A891A600F57F9B /* xcconfig */ = {
			isa = PBXGroup;
			children = (
				521CCCEB28A891A600F57F9B /* common.xcconfig */,
			);
			path = xcconfig;
			sourceTree = "<group>";
		};
		521CCCED28A893B800F57F9B /* resources */ = {
			isa = PBXGroup;
			children = (
				524C293628A8D00000B939F9 /* alps_field_1k.skybox */,
				521CCCEE28A8941400F57F9B /* ProjectRobot.rcproject */,
			);
			path = resources;
			sourceTree = "<group>";
		};
		524C294F28A9493700B939F9 /* shader */ = {
			isa = PBXGroup;
			children = (
				524C295028A9496100B939F9 /* CustomMaterial.metal */,
			);
			path = shader;
			sourceTree = "<group>";
		};
		524C295928AA828200B939F9 /* football */ = {
			isa = PBXGroup;
			children = (
				524C296C28AA83EE00B939F9 /* resources */,
				524C297128AB1CBD00B939F9 /* controller */,
				524C295A28AA828200B939F9 /* AppDelegate.swift */,
				524C295C28AA828200B939F9 /* SceneDelegate.swift */,
				524C295E28AA828200B939F9 /* ViewController.swift */,
				524C296028AA828200B939F9 /* Main.storyboard */,
				524C296328AA828300B939F9 /* Assets.xcassets */,
				524C296528AA828300B939F9 /* LaunchScreen.storyboard */,
				524C296828AA828300B939F9 /* Info.plist */,
			);
			path = football;
			sourceTree = "<group>";
		};
		524C296C28AA83EE00B939F9 /* resources */ = {
			isa = PBXGroup;
			children = (
				524C296F28AA8AE000B939F9 /* alps_field_1k.skybox */,
				524C296D28AA842600B939F9 /* football.rcproject */,
			);
			path = resources;
			sourceTree = "<group>";
		};
		524C297128AB1CBD00B939F9 /* controller */ = {
			isa = PBXGroup;
			children = (
				524C297228AB1CDA00B939F9 /* ControllerView.xib */,
				524C297428AB1D0500B939F9 /* ControllerView.swift */,
			);
			path = controller;
			sourceTree = "<group>";
		};
		524DC37128A7C5A30098EF11 = {
			isa = PBXGroup;
			children = (
				521CCCEA28A891A600F57F9B /* xcconfig */,
				524DC37E28A7C64D0098EF11 /* skeleton */,
				521CCCD728A8915300F57F9B /* custom-material */,
				524C295928AA828200B939F9 /* football */,
				524DC37D28A7C64D0098EF11 /* Products */,
				524DC39128A7C86A0098EF11 /* Frameworks */,
			);
			sourceTree = "<group>";
		};
		524DC37D28A7C64D0098EF11 /* Products */ = {
			isa = PBXGroup;
			children = (
				524DC37C28A7C64D0098EF11 /* skeleton.app */,
				521CCCD628A8915300F57F9B /* custom-material.app */,
				524C295828AA828200B939F9 /* football.app */,
			);
			name = Products;
			sourceTree = "<group>";
		};
		524DC37E28A7C64D0098EF11 /* skeleton */ = {
			isa = PBXGroup;
			children = (
				52FB4EC528A7D16000763143 /* generated */,
				524DC39628A7CD800098EF11 /* resources */,
				524DC37F28A7C64D0098EF11 /* AppDelegate.swift */,
				524DC38128A7C64D0098EF11 /* SceneDelegate.swift */,
				524DC38328A7C64D0098EF11 /* ViewController.swift */,
				524DC38528A7C64D0098EF11 /* Main.storyboard */,
				524DC38828A7C64F0098EF11 /* Assets.xcassets */,
				524DC38A28A7C64F0098EF11 /* LaunchScreen.storyboard */,
				524DC38D28A7C64F0098EF11 /* Info.plist */,
			);
			path = skeleton;
			sourceTree = "<group>";
		};
		524DC39128A7C86A0098EF11 /* Frameworks */ = {
			isa = PBXGroup;
			children = (
			);
			name = Frameworks;
			sourceTree = "<group>";
		};
		524DC39628A7CD800098EF11 /* resources */ = {
			isa = PBXGroup;
			children = (
				524DC39728A7CDC30098EF11 /* ProjectRobot.rcproject */,
			);
			path = resources;
			sourceTree = "<group>";
		};
		52FB4EC528A7D16000763143 /* generated */ = {
			isa = PBXGroup;
			children = (
				52FB4EC628A7D16E00763143 /* SkeletonDefinition+robot.swift */,
			);
			path = generated;
			sourceTree = "<group>";
		};
/* End PBXGroup section */

/* Begin PBXNativeTarget section */
		521CCCD528A8915300F57F9B /* custom-material */ = {
			isa = PBXNativeTarget;
			buildConfigurationList = 521CCCE928A8915500F57F9B /* Build configuration list for PBXNativeTarget "custom-material" */;
			buildPhases = (
				521CCCD228A8915300F57F9B /* Sources */,
				521CCCD328A8915300F57F9B /* Frameworks */,
				521CCCD428A8915300F57F9B /* Resources */,
			);
			buildRules = (
			);
			dependencies = (
			);
			name = "custom-material";
			packageProductDependencies = (
				524C290C28A8954000B939F9 /* RealityKitPlus */,
			);
			productName = "custom-material";
			productReference = 521CCCD628A8915300F57F9B /* custom-material.app */;
			productType = "com.apple.product-type.application";
		};
		524C295728AA828200B939F9 /* football */ = {
			isa = PBXNativeTarget;
			buildConfigurationList = 524C296928AA828300B939F9 /* Build configuration list for PBXNativeTarget "football" */;
			buildPhases = (
				524C295428AA828200B939F9 /* Sources */,
				524C295528AA828200B939F9 /* Frameworks */,
				524C295628AA828200B939F9 /* Resources */,
			);
			buildRules = (
			);
			dependencies = (
			);
			name = football;
			packageProductDependencies = (
				524C297628ABDC3300B939F9 /* RealityKitPlus */,
			);
			productName = football;
			productReference = 524C295828AA828200B939F9 /* football.app */;
			productType = "com.apple.product-type.application";
		};
		524DC37B28A7C64D0098EF11 /* skeleton */ = {
			isa = PBXNativeTarget;
			buildConfigurationList = 524DC39028A7C64F0098EF11 /* Build configuration list for PBXNativeTarget "skeleton" */;
			buildPhases = (
				524DC37828A7C64D0098EF11 /* Sources */,
				524DC37928A7C64D0098EF11 /* Frameworks */,
				524DC37A28A7C64D0098EF11 /* Resources */,
			);
			buildRules = (
			);
			dependencies = (
			);
			name = skeleton;
			packageProductDependencies = (
				524DC39228A7C86A0098EF11 /* SkeletonLib */,
				524C290A28A8953B00B939F9 /* RealityKitPlus */,
			);
			productName = skeleton;
			productReference = 524DC37C28A7C64D0098EF11 /* skeleton.app */;
			productType = "com.apple.product-type.application";
		};
/* End PBXNativeTarget section */

/* Begin PBXProject section */
		524DC37228A7C5A30098EF11 /* Project object */ = {
			isa = PBXProject;
			attributes = {
				BuildIndependentTargetsInParallel = 1;
				LastSwiftUpdateCheck = 1340;
				LastUpgradeCheck = 1340;
				TargetAttributes = {
					521CCCD528A8915300F57F9B = {
						CreatedOnToolsVersion = 13.4.1;
					};
					524C295728AA828200B939F9 = {
						CreatedOnToolsVersion = 13.4.1;
					};
					524DC37B28A7C64D0098EF11 = {
						CreatedOnToolsVersion = 13.4.1;
					};
				};
			};
			buildConfigurationList = 524DC37528A7C5A30098EF11 /* Build configuration list for PBXProject "Apps" */;
			compatibilityVersion = "Xcode 13.0";
			developmentRegion = en;
			hasScannedForEncodings = 0;
			knownRegions = (
				en,
				Base,
			);
			mainGroup = 524DC37128A7C5A30098EF11;
			productRefGroup = 524DC37D28A7C64D0098EF11 /* Products */;
			projectDirPath = "";
			projectRoot = "";
			targets = (
				524DC37B28A7C64D0098EF11 /* skeleton */,
				521CCCD528A8915300F57F9B /* custom-material */,
				524C295728AA828200B939F9 /* football */,
			);
		};
/* End PBXProject section */

/* Begin PBXResourcesBuildPhase section */
		521CCCD428A8915300F57F9B /* Resources */ = {
			isa = PBXResourcesBuildPhase;
			buildActionMask = 2147483647;
			files = (
				524C293728A8D00000B939F9 /* alps_field_1k.skybox in Resources */,
				521CCCE528A8915500F57F9B /* LaunchScreen.storyboard in Resources */,
				521CCCE228A8915500F57F9B /* Assets.xcassets in Resources */,
				521CCCE028A8915300F57F9B /* Main.storyboard in Resources */,
			);
			runOnlyForDeploymentPostprocessing = 0;
		};
		524C295628AA828200B939F9 /* Resources */ = {
			isa = PBXResourcesBuildPhase;
			buildActionMask = 2147483647;
			files = (
				524C297028AA8AE000B939F9 /* alps_field_1k.skybox in Resources */,
				524C296728AA828300B939F9 /* LaunchScreen.storyboard in Resources */,
				524C296428AA828300B939F9 /* Assets.xcassets in Resources */,
				524C297328AB1CDA00B939F9 /* ControllerView.xib in Resources */,
				524C296228AA828200B939F9 /* Main.storyboard in Resources */,
			);
			runOnlyForDeploymentPostprocessing = 0;
		};
		524DC37A28A7C64D0098EF11 /* Resources */ = {
			isa = PBXResourcesBuildPhase;
			buildActionMask = 2147483647;
			files = (
				524DC38C28A7C64F0098EF11 /* LaunchScreen.storyboard in Resources */,
				524DC38928A7C64F0098EF11 /* Assets.xcassets in Resources */,
				524DC38728A7C64D0098EF11 /* Main.storyboard in Resources */,
				521CCCEC28A891A600F57F9B /* common.xcconfig in Resources */,
			);
			runOnlyForDeploymentPostprocessing = 0;
		};
/* End PBXResourcesBuildPhase section */

/* Begin PBXSourcesBuildPhase section */
		521CCCD228A8915300F57F9B /* Sources */ = {
			isa = PBXSourcesBuildPhase;
			buildActionMask = 2147483647;
			files = (
				521CCCDD28A8915300F57F9B /* ViewController.swift in Sources */,
				524C295128A9496100B939F9 /* CustomMaterial.metal in Sources */,
				521CCCEF28A8941400F57F9B /* ProjectRobot.rcproject in Sources */,
				521CCCD928A8915300F57F9B /* AppDelegate.swift in Sources */,
				521CCCDB28A8915300F57F9B /* SceneDelegate.swift in Sources */,
				524C295328A9606000B939F9 /* tmp.swift in Sources */,
			);
			runOnlyForDeploymentPostprocessing = 0;
		};
		524C295428AA828200B939F9 /* Sources */ = {
			isa = PBXSourcesBuildPhase;
			buildActionMask = 2147483647;
			files = (
				524C295F28AA828200B939F9 /* ViewController.swift in Sources */,
				524C295B28AA828200B939F9 /* AppDelegate.swift in Sources */,
				524C295D28AA828200B939F9 /* SceneDelegate.swift in Sources */,
				524C296E28AA842600B939F9 /* football.rcproject in Sources */,
				524C297528AB1D0500B939F9 /* ControllerView.swift in Sources */,
			);
			runOnlyForDeploymentPostprocessing = 0;
		};
		524DC37828A7C64D0098EF11 /* Sources */ = {
			isa = PBXSourcesBuildPhase;
			buildActionMask = 2147483647;
			files = (
				524DC38428A7C64D0098EF11 /* ViewController.swift in Sources */,
				524DC39828A7CDCC0098EF11 /* ProjectRobot.rcproject in Sources */,
				52FB4EC728A7D16E00763143 /* SkeletonDefinition+robot.swift in Sources */,
				524DC38028A7C64D0098EF11 /* AppDelegate.swift in Sources */,
				524DC38228A7C64D0098EF11 /* SceneDelegate.swift in Sources */,
			);
			runOnlyForDeploymentPostprocessing = 0;
		};
/* End PBXSourcesBuildPhase section */

/* Begin PBXVariantGroup section */
		521CCCDE28A8915300F57F9B /* Main.storyboard */ = {
			isa = PBXVariantGroup;
			children = (
				521CCCDF28A8915300F57F9B /* Base */,
			);
			name = Main.storyboard;
			sourceTree = "<group>";
		};
		521CCCE328A8915500F57F9B /* LaunchScreen.storyboard */ = {
			isa = PBXVariantGroup;
			children = (
				521CCCE428A8915500F57F9B /* Base */,
			);
			name = LaunchScreen.storyboard;
			sourceTree = "<group>";
		};
		524C296028AA828200B939F9 /* Main.storyboard */ = {
			isa = PBXVariantGroup;
			children = (
				524C296128AA828200B939F9 /* Base */,
			);
			name = Main.storyboard;
			sourceTree = "<group>";
		};
		524C296528AA828300B939F9 /* LaunchScreen.storyboard */ = {
			isa = PBXVariantGroup;
			children = (
				524C296628AA828300B939F9 /* Base */,
			);
			name = LaunchScreen.storyboard;
			sourceTree = "<group>";
		};
		524DC38528A7C64D0098EF11 /* Main.storyboard */ = {
			isa = PBXVariantGroup;
			children = (
				524DC38628A7C64D0098EF11 /* Base */,
			);
			name = Main.storyboard;
			sourceTree = "<group>";
		};
		524DC38A28A7C64F0098EF11 /* LaunchScreen.storyboard */ = {
			isa = PBXVariantGroup;
			children = (
				524DC38B28A7C64F0098EF11 /* Base */,
			);
			name = LaunchScreen.storyboard;
			sourceTree = "<group>";
		};
/* End PBXVariantGroup section */

/* Begin XCBuildConfiguration section */
		521CCCE728A8915500F57F9B /* Debug */ = {
			isa = XCBuildConfiguration;
			buildSettings = {
				ALWAYS_SEARCH_USER_PATHS = NO;
				ASSETCATALOG_COMPILER_APPICON_NAME = AppIcon;
				ASSETCATALOG_COMPILER_GLOBAL_ACCENT_COLOR_NAME = AccentColor;
				CLANG_ANALYZER_NONNULL = YES;
				CLANG_ANALYZER_NUMBER_OBJECT_CONVERSION = YES_AGGRESSIVE;
				CLANG_CXX_LANGUAGE_STANDARD = "gnu++17";
				CLANG_ENABLE_MODULES = YES;
				CLANG_ENABLE_OBJC_ARC = YES;
				CLANG_ENABLE_OBJC_WEAK = YES;
				CLANG_WARN_BLOCK_CAPTURE_AUTORELEASING = YES;
				CLANG_WARN_BOOL_CONVERSION = YES;
				CLANG_WARN_COMMA = YES;
				CLANG_WARN_CONSTANT_CONVERSION = YES;
				CLANG_WARN_DEPRECATED_OBJC_IMPLEMENTATIONS = YES;
				CLANG_WARN_DIRECT_OBJC_ISA_USAGE = YES_ERROR;
				CLANG_WARN_DOCUMENTATION_COMMENTS = YES;
				CLANG_WARN_EMPTY_BODY = YES;
				CLANG_WARN_ENUM_CONVERSION = YES;
				CLANG_WARN_INFINITE_RECURSION = YES;
				CLANG_WARN_INT_CONVERSION = YES;
				CLANG_WARN_NON_LITERAL_NULL_CONVERSION = YES;
				CLANG_WARN_OBJC_IMPLICIT_RETAIN_SELF = YES;
				CLANG_WARN_OBJC_LITERAL_CONVERSION = YES;
				CLANG_WARN_OBJC_ROOT_CLASS = YES_ERROR;
				CLANG_WARN_QUOTED_INCLUDE_IN_FRAMEWORK_HEADER = YES;
				CLANG_WARN_RANGE_LOOP_ANALYSIS = YES;
				CLANG_WARN_STRICT_PROTOTYPES = YES;
				CLANG_WARN_SUSPICIOUS_MOVE = YES;
				CLANG_WARN_UNGUARDED_AVAILABILITY = YES_AGGRESSIVE;
				CLANG_WARN_UNREACHABLE_CODE = YES;
				CLANG_WARN__DUPLICATE_METHOD_MATCH = YES;
				CODE_SIGN_STYLE = Automatic;
				COPY_PHASE_STRIP = NO;
				CURRENT_PROJECT_VERSION = 1;
				DEBUG_INFORMATION_FORMAT = dwarf;
				ENABLE_STRICT_OBJC_MSGSEND = YES;
				ENABLE_TESTABILITY = YES;
				GCC_C_LANGUAGE_STANDARD = gnu11;
				GCC_DYNAMIC_NO_PIC = NO;
				GCC_NO_COMMON_BLOCKS = YES;
				GCC_OPTIMIZATION_LEVEL = 0;
				GCC_PREPROCESSOR_DEFINITIONS = (
					"DEBUG=1",
					"$(inherited)",
				);
				GCC_WARN_64_TO_32_BIT_CONVERSION = YES;
				GCC_WARN_ABOUT_RETURN_TYPE = YES_ERROR;
				GCC_WARN_UNDECLARED_SELECTOR = YES;
				GCC_WARN_UNINITIALIZED_AUTOS = YES_AGGRESSIVE;
				GCC_WARN_UNUSED_FUNCTION = YES;
				GCC_WARN_UNUSED_VARIABLE = YES;
				GENERATE_INFOPLIST_FILE = YES;
				INFOPLIST_FILE = "custom-material/Info.plist";
				INFOPLIST_KEY_UIApplicationSupportsIndirectInputEvents = YES;
				INFOPLIST_KEY_UILaunchStoryboardName = LaunchScreen;
				INFOPLIST_KEY_UIMainStoryboardFile = Main;
				INFOPLIST_KEY_UISupportedInterfaceOrientations_iPad = "UIInterfaceOrientationPortrait UIInterfaceOrientationPortraitUpsideDown UIInterfaceOrientationLandscapeLeft UIInterfaceOrientationLandscapeRight";
				INFOPLIST_KEY_UISupportedInterfaceOrientations_iPhone = "UIInterfaceOrientationPortrait UIInterfaceOrientationLandscapeLeft UIInterfaceOrientationLandscapeRight";
				IPHONEOS_DEPLOYMENT_TARGET = 15.0;
				LD_RUNPATH_SEARCH_PATHS = (
					"$(inherited)",
					"@executable_path/Frameworks",
				);
				MARKETING_VERSION = 1.0;
				MTL_ENABLE_DEBUG_INFO = INCLUDE_SOURCE;
				MTL_FAST_MATH = YES;
				ONLY_ACTIVE_ARCH = YES;
				PRODUCT_NAME = "$(TARGET_NAME)";
				SDKROOT = iphoneos;
				SWIFT_ACTIVE_COMPILATION_CONDITIONS = DEBUG;
				SWIFT_EMIT_LOC_STRINGS = YES;
				SWIFT_OPTIMIZATION_LEVEL = "-Onone";
				SWIFT_VERSION = 5.0;
				TARGETED_DEVICE_FAMILY = "1,2";
			};
			name = Debug;
		};
		521CCCE828A8915500F57F9B /* Release */ = {
			isa = XCBuildConfiguration;
			buildSettings = {
				ALWAYS_SEARCH_USER_PATHS = NO;
				ASSETCATALOG_COMPILER_APPICON_NAME = AppIcon;
				ASSETCATALOG_COMPILER_GLOBAL_ACCENT_COLOR_NAME = AccentColor;
				CLANG_ANALYZER_NONNULL = YES;
				CLANG_ANALYZER_NUMBER_OBJECT_CONVERSION = YES_AGGRESSIVE;
				CLANG_CXX_LANGUAGE_STANDARD = "gnu++17";
				CLANG_ENABLE_MODULES = YES;
				CLANG_ENABLE_OBJC_ARC = YES;
				CLANG_ENABLE_OBJC_WEAK = YES;
				CLANG_WARN_BLOCK_CAPTURE_AUTORELEASING = YES;
				CLANG_WARN_BOOL_CONVERSION = YES;
				CLANG_WARN_COMMA = YES;
				CLANG_WARN_CONSTANT_CONVERSION = YES;
				CLANG_WARN_DEPRECATED_OBJC_IMPLEMENTATIONS = YES;
				CLANG_WARN_DIRECT_OBJC_ISA_USAGE = YES_ERROR;
				CLANG_WARN_DOCUMENTATION_COMMENTS = YES;
				CLANG_WARN_EMPTY_BODY = YES;
				CLANG_WARN_ENUM_CONVERSION = YES;
				CLANG_WARN_INFINITE_RECURSION = YES;
				CLANG_WARN_INT_CONVERSION = YES;
				CLANG_WARN_NON_LITERAL_NULL_CONVERSION = YES;
				CLANG_WARN_OBJC_IMPLICIT_RETAIN_SELF = YES;
				CLANG_WARN_OBJC_LITERAL_CONVERSION = YES;
				CLANG_WARN_OBJC_ROOT_CLASS = YES_ERROR;
				CLANG_WARN_QUOTED_INCLUDE_IN_FRAMEWORK_HEADER = YES;
				CLANG_WARN_RANGE_LOOP_ANALYSIS = YES;
				CLANG_WARN_STRICT_PROTOTYPES = YES;
				CLANG_WARN_SUSPICIOUS_MOVE = YES;
				CLANG_WARN_UNGUARDED_AVAILABILITY = YES_AGGRESSIVE;
				CLANG_WARN_UNREACHABLE_CODE = YES;
				CLANG_WARN__DUPLICATE_METHOD_MATCH = YES;
				CODE_SIGN_STYLE = Automatic;
				COPY_PHASE_STRIP = NO;
				CURRENT_PROJECT_VERSION = 1;
				DEBUG_INFORMATION_FORMAT = "dwarf-with-dsym";
				ENABLE_NS_ASSERTIONS = NO;
				ENABLE_STRICT_OBJC_MSGSEND = YES;
				GCC_C_LANGUAGE_STANDARD = gnu11;
				GCC_NO_COMMON_BLOCKS = YES;
				GCC_WARN_64_TO_32_BIT_CONVERSION = YES;
				GCC_WARN_ABOUT_RETURN_TYPE = YES_ERROR;
				GCC_WARN_UNDECLARED_SELECTOR = YES;
				GCC_WARN_UNINITIALIZED_AUTOS = YES_AGGRESSIVE;
				GCC_WARN_UNUSED_FUNCTION = YES;
				GCC_WARN_UNUSED_VARIABLE = YES;
				GENERATE_INFOPLIST_FILE = YES;
				INFOPLIST_FILE = "custom-material/Info.plist";
				INFOPLIST_KEY_UIApplicationSupportsIndirectInputEvents = YES;
				INFOPLIST_KEY_UILaunchStoryboardName = LaunchScreen;
				INFOPLIST_KEY_UIMainStoryboardFile = Main;
				INFOPLIST_KEY_UISupportedInterfaceOrientations_iPad = "UIInterfaceOrientationPortrait UIInterfaceOrientationPortraitUpsideDown UIInterfaceOrientationLandscapeLeft UIInterfaceOrientationLandscapeRight";
				INFOPLIST_KEY_UISupportedInterfaceOrientations_iPhone = "UIInterfaceOrientationPortrait UIInterfaceOrientationLandscapeLeft UIInterfaceOrientationLandscapeRight";
				IPHONEOS_DEPLOYMENT_TARGET = 15.0;
				LD_RUNPATH_SEARCH_PATHS = (
					"$(inherited)",
					"@executable_path/Frameworks",
				);
				MARKETING_VERSION = 1.0;
				MTL_ENABLE_DEBUG_INFO = NO;
				MTL_FAST_MATH = YES;
				PRODUCT_NAME = "$(TARGET_NAME)";
				SDKROOT = iphoneos;
				SWIFT_COMPILATION_MODE = wholemodule;
				SWIFT_EMIT_LOC_STRINGS = YES;
				SWIFT_OPTIMIZATION_LEVEL = "-O";
				SWIFT_VERSION = 5.0;
				TARGETED_DEVICE_FAMILY = "1,2";
				VALIDATE_PRODUCT = YES;
			};
			name = Release;
		};
		524C296A28AA828300B939F9 /* Debug */ = {
			isa = XCBuildConfiguration;
			buildSettings = {
				ALWAYS_SEARCH_USER_PATHS = NO;
				ASSETCATALOG_COMPILER_APPICON_NAME = AppIcon;
				ASSETCATALOG_COMPILER_GLOBAL_ACCENT_COLOR_NAME = AccentColor;
				CLANG_ANALYZER_NONNULL = YES;
				CLANG_ANALYZER_NUMBER_OBJECT_CONVERSION = YES_AGGRESSIVE;
				CLANG_CXX_LANGUAGE_STANDARD = "gnu++17";
				CLANG_ENABLE_MODULES = YES;
				CLANG_ENABLE_OBJC_ARC = YES;
				CLANG_ENABLE_OBJC_WEAK = YES;
				CLANG_WARN_BLOCK_CAPTURE_AUTORELEASING = YES;
				CLANG_WARN_BOOL_CONVERSION = YES;
				CLANG_WARN_COMMA = YES;
				CLANG_WARN_CONSTANT_CONVERSION = YES;
				CLANG_WARN_DEPRECATED_OBJC_IMPLEMENTATIONS = YES;
				CLANG_WARN_DIRECT_OBJC_ISA_USAGE = YES_ERROR;
				CLANG_WARN_DOCUMENTATION_COMMENTS = YES;
				CLANG_WARN_EMPTY_BODY = YES;
				CLANG_WARN_ENUM_CONVERSION = YES;
				CLANG_WARN_INFINITE_RECURSION = YES;
				CLANG_WARN_INT_CONVERSION = YES;
				CLANG_WARN_NON_LITERAL_NULL_CONVERSION = YES;
				CLANG_WARN_OBJC_IMPLICIT_RETAIN_SELF = YES;
				CLANG_WARN_OBJC_LITERAL_CONVERSION = YES;
				CLANG_WARN_OBJC_ROOT_CLASS = YES_ERROR;
				CLANG_WARN_QUOTED_INCLUDE_IN_FRAMEWORK_HEADER = YES;
				CLANG_WARN_RANGE_LOOP_ANALYSIS = YES;
				CLANG_WARN_STRICT_PROTOTYPES = YES;
				CLANG_WARN_SUSPICIOUS_MOVE = YES;
				CLANG_WARN_UNGUARDED_AVAILABILITY = YES_AGGRESSIVE;
				CLANG_WARN_UNREACHABLE_CODE = YES;
				CLANG_WARN__DUPLICATE_METHOD_MATCH = YES;
				CODE_SIGN_STYLE = Automatic;
				COPY_PHASE_STRIP = NO;
				CURRENT_PROJECT_VERSION = 1;
				DEBUG_INFORMATION_FORMAT = dwarf;
				ENABLE_STRICT_OBJC_MSGSEND = YES;
				ENABLE_TESTABILITY = YES;
				GCC_C_LANGUAGE_STANDARD = gnu11;
				GCC_DYNAMIC_NO_PIC = NO;
				GCC_NO_COMMON_BLOCKS = YES;
				GCC_OPTIMIZATION_LEVEL = 0;
				GCC_PREPROCESSOR_DEFINITIONS = (
					"DEBUG=1",
					"$(inherited)",
				);
				GCC_WARN_64_TO_32_BIT_CONVERSION = YES;
				GCC_WARN_ABOUT_RETURN_TYPE = YES_ERROR;
				GCC_WARN_UNDECLARED_SELECTOR = YES;
				GCC_WARN_UNINITIALIZED_AUTOS = YES_AGGRESSIVE;
				GCC_WARN_UNUSED_FUNCTION = YES;
				GCC_WARN_UNUSED_VARIABLE = YES;
				GENERATE_INFOPLIST_FILE = YES;
				INFOPLIST_FILE = football/Info.plist;
				INFOPLIST_KEY_UIApplicationSupportsIndirectInputEvents = YES;
				INFOPLIST_KEY_UILaunchStoryboardName = LaunchScreen;
				INFOPLIST_KEY_UIMainStoryboardFile = Main;
				INFOPLIST_KEY_UISupportedInterfaceOrientations_iPad = "UIInterfaceOrientationPortrait UIInterfaceOrientationPortraitUpsideDown UIInterfaceOrientationLandscapeLeft UIInterfaceOrientationLandscapeRight";
				INFOPLIST_KEY_UISupportedInterfaceOrientations_iPhone = "UIInterfaceOrientationPortrait UIInterfaceOrientationLandscapeLeft UIInterfaceOrientationLandscapeRight";
				IPHONEOS_DEPLOYMENT_TARGET = 15.0;
				LD_RUNPATH_SEARCH_PATHS = (
					"$(inherited)",
					"@executable_path/Frameworks",
				);
				MARKETING_VERSION = 1.0;
				MTL_ENABLE_DEBUG_INFO = INCLUDE_SOURCE;
				MTL_FAST_MATH = YES;
				ONLY_ACTIVE_ARCH = YES;
				PRODUCT_NAME = "$(TARGET_NAME)";
				SDKROOT = iphoneos;
				SWIFT_ACTIVE_COMPILATION_CONDITIONS = DEBUG;
				SWIFT_EMIT_LOC_STRINGS = YES;
				SWIFT_OPTIMIZATION_LEVEL = "-Onone";
				SWIFT_VERSION = 5.0;
				TARGETED_DEVICE_FAMILY = "1,2";
			};
			name = Debug;
		};
		524C296B28AA828300B939F9 /* Release */ = {
			isa = XCBuildConfiguration;
			buildSettings = {
				ALWAYS_SEARCH_USER_PATHS = NO;
				ASSETCATALOG_COMPILER_APPICON_NAME = AppIcon;
				ASSETCATALOG_COMPILER_GLOBAL_ACCENT_COLOR_NAME = AccentColor;
				CLANG_ANALYZER_NONNULL = YES;
				CLANG_ANALYZER_NUMBER_OBJECT_CONVERSION = YES_AGGRESSIVE;
				CLANG_CXX_LANGUAGE_STANDARD = "gnu++17";
				CLANG_ENABLE_MODULES = YES;
				CLANG_ENABLE_OBJC_ARC = YES;
				CLANG_ENABLE_OBJC_WEAK = YES;
				CLANG_WARN_BLOCK_CAPTURE_AUTORELEASING = YES;
				CLANG_WARN_BOOL_CONVERSION = YES;
				CLANG_WARN_COMMA = YES;
				CLANG_WARN_CONSTANT_CONVERSION = YES;
				CLANG_WARN_DEPRECATED_OBJC_IMPLEMENTATIONS = YES;
				CLANG_WARN_DIRECT_OBJC_ISA_USAGE = YES_ERROR;
				CLANG_WARN_DOCUMENTATION_COMMENTS = YES;
				CLANG_WARN_EMPTY_BODY = YES;
				CLANG_WARN_ENUM_CONVERSION = YES;
				CLANG_WARN_INFINITE_RECURSION = YES;
				CLANG_WARN_INT_CONVERSION = YES;
				CLANG_WARN_NON_LITERAL_NULL_CONVERSION = YES;
				CLANG_WARN_OBJC_IMPLICIT_RETAIN_SELF = YES;
				CLANG_WARN_OBJC_LITERAL_CONVERSION = YES;
				CLANG_WARN_OBJC_ROOT_CLASS = YES_ERROR;
				CLANG_WARN_QUOTED_INCLUDE_IN_FRAMEWORK_HEADER = YES;
				CLANG_WARN_RANGE_LOOP_ANALYSIS = YES;
				CLANG_WARN_STRICT_PROTOTYPES = YES;
				CLANG_WARN_SUSPICIOUS_MOVE = YES;
				CLANG_WARN_UNGUARDED_AVAILABILITY = YES_AGGRESSIVE;
				CLANG_WARN_UNREACHABLE_CODE = YES;
				CLANG_WARN__DUPLICATE_METHOD_MATCH = YES;
				CODE_SIGN_STYLE = Automatic;
				COPY_PHASE_STRIP = NO;
				CURRENT_PROJECT_VERSION = 1;
				DEBUG_INFORMATION_FORMAT = "dwarf-with-dsym";
				ENABLE_NS_ASSERTIONS = NO;
				ENABLE_STRICT_OBJC_MSGSEND = YES;
				GCC_C_LANGUAGE_STANDARD = gnu11;
				GCC_NO_COMMON_BLOCKS = YES;
				GCC_WARN_64_TO_32_BIT_CONVERSION = YES;
				GCC_WARN_ABOUT_RETURN_TYPE = YES_ERROR;
				GCC_WARN_UNDECLARED_SELECTOR = YES;
				GCC_WARN_UNINITIALIZED_AUTOS = YES_AGGRESSIVE;
				GCC_WARN_UNUSED_FUNCTION = YES;
				GCC_WARN_UNUSED_VARIABLE = YES;
				GENERATE_INFOPLIST_FILE = YES;
				INFOPLIST_FILE = football/Info.plist;
				INFOPLIST_KEY_UIApplicationSupportsIndirectInputEvents = YES;
				INFOPLIST_KEY_UILaunchStoryboardName = LaunchScreen;
				INFOPLIST_KEY_UIMainStoryboardFile = Main;
				INFOPLIST_KEY_UISupportedInterfaceOrientations_iPad = "UIInterfaceOrientationPortrait UIInterfaceOrientationPortraitUpsideDown UIInterfaceOrientationLandscapeLeft UIInterfaceOrientationLandscapeRight";
				INFOPLIST_KEY_UISupportedInterfaceOrientations_iPhone = "UIInterfaceOrientationPortrait UIInterfaceOrientationLandscapeLeft UIInterfaceOrientationLandscapeRight";
				IPHONEOS_DEPLOYMENT_TARGET = 15.0;
				LD_RUNPATH_SEARCH_PATHS = (
					"$(inherited)",
					"@executable_path/Frameworks",
				);
				MARKETING_VERSION = 1.0;
				MTL_ENABLE_DEBUG_INFO = NO;
				MTL_FAST_MATH = YES;
				PRODUCT_NAME = "$(TARGET_NAME)";
				SDKROOT = iphoneos;
				SWIFT_COMPILATION_MODE = wholemodule;
				SWIFT_EMIT_LOC_STRINGS = YES;
				SWIFT_OPTIMIZATION_LEVEL = "-O";
				SWIFT_VERSION = 5.0;
				TARGETED_DEVICE_FAMILY = "1,2";
				VALIDATE_PRODUCT = YES;
			};
			name = Release;
		};
		524DC37628A7C5A30098EF11 /* Debug */ = {
			isa = XCBuildConfiguration;
			baseConfigurationReference = 521CCCEB28A891A600F57F9B /* common.xcconfig */;
			buildSettings = {
			};
			name = Debug;
		};
		524DC37728A7C5A30098EF11 /* Release */ = {
			isa = XCBuildConfiguration;
			baseConfigurationReference = 521CCCEB28A891A600F57F9B /* common.xcconfig */;
			buildSettings = {
			};
			name = Release;
		};
		524DC38E28A7C64F0098EF11 /* Debug */ = {
			isa = XCBuildConfiguration;
			buildSettings = {
				ALWAYS_SEARCH_USER_PATHS = NO;
				ASSETCATALOG_COMPILER_APPICON_NAME = AppIcon;
				ASSETCATALOG_COMPILER_GLOBAL_ACCENT_COLOR_NAME = AccentColor;
				CLANG_ANALYZER_NONNULL = YES;
				CLANG_ANALYZER_NUMBER_OBJECT_CONVERSION = YES_AGGRESSIVE;
				CLANG_CXX_LANGUAGE_STANDARD = "gnu++17";
				CLANG_ENABLE_MODULES = YES;
				CLANG_ENABLE_OBJC_ARC = YES;
				CLANG_ENABLE_OBJC_WEAK = YES;
				CLANG_WARN_BLOCK_CAPTURE_AUTORELEASING = YES;
				CLANG_WARN_BOOL_CONVERSION = YES;
				CLANG_WARN_COMMA = YES;
				CLANG_WARN_CONSTANT_CONVERSION = YES;
				CLANG_WARN_DEPRECATED_OBJC_IMPLEMENTATIONS = YES;
				CLANG_WARN_DIRECT_OBJC_ISA_USAGE = YES_ERROR;
				CLANG_WARN_DOCUMENTATION_COMMENTS = YES;
				CLANG_WARN_EMPTY_BODY = YES;
				CLANG_WARN_ENUM_CONVERSION = YES;
				CLANG_WARN_INFINITE_RECURSION = YES;
				CLANG_WARN_INT_CONVERSION = YES;
				CLANG_WARN_NON_LITERAL_NULL_CONVERSION = YES;
				CLANG_WARN_OBJC_IMPLICIT_RETAIN_SELF = YES;
				CLANG_WARN_OBJC_LITERAL_CONVERSION = YES;
				CLANG_WARN_OBJC_ROOT_CLASS = YES_ERROR;
				CLANG_WARN_QUOTED_INCLUDE_IN_FRAMEWORK_HEADER = YES;
				CLANG_WARN_RANGE_LOOP_ANALYSIS = YES;
				CLANG_WARN_STRICT_PROTOTYPES = YES;
				CLANG_WARN_SUSPICIOUS_MOVE = YES;
				CLANG_WARN_UNGUARDED_AVAILABILITY = YES_AGGRESSIVE;
				CLANG_WARN_UNREACHABLE_CODE = YES;
				CLANG_WARN__DUPLICATE_METHOD_MATCH = YES;
				CODE_SIGN_STYLE = Automatic;
				COPY_PHASE_STRIP = NO;
				CURRENT_PROJECT_VERSION = 1;
				DEBUG_INFORMATION_FORMAT = dwarf;
				ENABLE_STRICT_OBJC_MSGSEND = YES;
				ENABLE_TESTABILITY = YES;
				GCC_C_LANGUAGE_STANDARD = gnu11;
				GCC_DYNAMIC_NO_PIC = NO;
				GCC_NO_COMMON_BLOCKS = YES;
				GCC_OPTIMIZATION_LEVEL = 0;
				GCC_PREPROCESSOR_DEFINITIONS = (
					"DEBUG=1",
					"$(inherited)",
				);
				GCC_WARN_64_TO_32_BIT_CONVERSION = YES;
				GCC_WARN_ABOUT_RETURN_TYPE = YES_ERROR;
				GCC_WARN_UNDECLARED_SELECTOR = YES;
				GCC_WARN_UNINITIALIZED_AUTOS = YES_AGGRESSIVE;
				GCC_WARN_UNUSED_FUNCTION = YES;
				GCC_WARN_UNUSED_VARIABLE = YES;
				GENERATE_INFOPLIST_FILE = YES;
				INFOPLIST_FILE = skeleton/Info.plist;
				INFOPLIST_KEY_UIApplicationSupportsIndirectInputEvents = YES;
				INFOPLIST_KEY_UILaunchStoryboardName = LaunchScreen;
				INFOPLIST_KEY_UIMainStoryboardFile = Main;
				INFOPLIST_KEY_UISupportedInterfaceOrientations_iPad = "UIInterfaceOrientationPortrait UIInterfaceOrientationPortraitUpsideDown UIInterfaceOrientationLandscapeLeft UIInterfaceOrientationLandscapeRight";
				INFOPLIST_KEY_UISupportedInterfaceOrientations_iPhone = "UIInterfaceOrientationPortrait UIInterfaceOrientationLandscapeLeft UIInterfaceOrientationLandscapeRight";
				IPHONEOS_DEPLOYMENT_TARGET = 15.0;
				LD_RUNPATH_SEARCH_PATHS = (
					"$(inherited)",
					"@executable_path/Frameworks",
				);
				MARKETING_VERSION = 1.0;
				MTL_ENABLE_DEBUG_INFO = INCLUDE_SOURCE;
				MTL_FAST_MATH = YES;
				ONLY_ACTIVE_ARCH = YES;
				PRODUCT_NAME = "$(TARGET_NAME)";
				SDKROOT = iphoneos;
				SWIFT_ACTIVE_COMPILATION_CONDITIONS = DEBUG;
				SWIFT_EMIT_LOC_STRINGS = YES;
				SWIFT_OPTIMIZATION_LEVEL = "-Onone";
				SWIFT_VERSION = 5.0;
				TARGETED_DEVICE_FAMILY = "1,2";
			};
			name = Debug;
		};
		524DC38F28A7C64F0098EF11 /* Release */ = {
			isa = XCBuildConfiguration;
			buildSettings = {
				ALWAYS_SEARCH_USER_PATHS = NO;
				ASSETCATALOG_COMPILER_APPICON_NAME = AppIcon;
				ASSETCATALOG_COMPILER_GLOBAL_ACCENT_COLOR_NAME = AccentColor;
				CLANG_ANALYZER_NONNULL = YES;
				CLANG_ANALYZER_NUMBER_OBJECT_CONVERSION = YES_AGGRESSIVE;
				CLANG_CXX_LANGUAGE_STANDARD = "gnu++17";
				CLANG_ENABLE_MODULES = YES;
				CLANG_ENABLE_OBJC_ARC = YES;
				CLANG_ENABLE_OBJC_WEAK = YES;
				CLANG_WARN_BLOCK_CAPTURE_AUTORELEASING = YES;
				CLANG_WARN_BOOL_CONVERSION = YES;
				CLANG_WARN_COMMA = YES;
				CLANG_WARN_CONSTANT_CONVERSION = YES;
				CLANG_WARN_DEPRECATED_OBJC_IMPLEMENTATIONS = YES;
				CLANG_WARN_DIRECT_OBJC_ISA_USAGE = YES_ERROR;
				CLANG_WARN_DOCUMENTATION_COMMENTS = YES;
				CLANG_WARN_EMPTY_BODY = YES;
				CLANG_WARN_ENUM_CONVERSION = YES;
				CLANG_WARN_INFINITE_RECURSION = YES;
				CLANG_WARN_INT_CONVERSION = YES;
				CLANG_WARN_NON_LITERAL_NULL_CONVERSION = YES;
				CLANG_WARN_OBJC_IMPLICIT_RETAIN_SELF = YES;
				CLANG_WARN_OBJC_LITERAL_CONVERSION = YES;
				CLANG_WARN_OBJC_ROOT_CLASS = YES_ERROR;
				CLANG_WARN_QUOTED_INCLUDE_IN_FRAMEWORK_HEADER = YES;
				CLANG_WARN_RANGE_LOOP_ANALYSIS = YES;
				CLANG_WARN_STRICT_PROTOTYPES = YES;
				CLANG_WARN_SUSPICIOUS_MOVE = YES;
				CLANG_WARN_UNGUARDED_AVAILABILITY = YES_AGGRESSIVE;
				CLANG_WARN_UNREACHABLE_CODE = YES;
				CLANG_WARN__DUPLICATE_METHOD_MATCH = YES;
				CODE_SIGN_STYLE = Automatic;
				COPY_PHASE_STRIP = NO;
				CURRENT_PROJECT_VERSION = 1;
				DEBUG_INFORMATION_FORMAT = "dwarf-with-dsym";
				ENABLE_NS_ASSERTIONS = NO;
				ENABLE_STRICT_OBJC_MSGSEND = YES;
				GCC_C_LANGUAGE_STANDARD = gnu11;
				GCC_NO_COMMON_BLOCKS = YES;
				GCC_WARN_64_TO_32_BIT_CONVERSION = YES;
				GCC_WARN_ABOUT_RETURN_TYPE = YES_ERROR;
				GCC_WARN_UNDECLARED_SELECTOR = YES;
				GCC_WARN_UNINITIALIZED_AUTOS = YES_AGGRESSIVE;
				GCC_WARN_UNUSED_FUNCTION = YES;
				GCC_WARN_UNUSED_VARIABLE = YES;
				GENERATE_INFOPLIST_FILE = YES;
				INFOPLIST_FILE = skeleton/Info.plist;
				INFOPLIST_KEY_UIApplicationSupportsIndirectInputEvents = YES;
				INFOPLIST_KEY_UILaunchStoryboardName = LaunchScreen;
				INFOPLIST_KEY_UIMainStoryboardFile = Main;
				INFOPLIST_KEY_UISupportedInterfaceOrientations_iPad = "UIInterfaceOrientationPortrait UIInterfaceOrientationPortraitUpsideDown UIInterfaceOrientationLandscapeLeft UIInterfaceOrientationLandscapeRight";
				INFOPLIST_KEY_UISupportedInterfaceOrientations_iPhone = "UIInterfaceOrientationPortrait UIInterfaceOrientationLandscapeLeft UIInterfaceOrientationLandscapeRight";
				IPHONEOS_DEPLOYMENT_TARGET = 15.0;
				LD_RUNPATH_SEARCH_PATHS = (
					"$(inherited)",
					"@executable_path/Frameworks",
				);
				MARKETING_VERSION = 1.0;
				MTL_ENABLE_DEBUG_INFO = NO;
				MTL_FAST_MATH = YES;
				PRODUCT_NAME = "$(TARGET_NAME)";
				SDKROOT = iphoneos;
				SWIFT_COMPILATION_MODE = wholemodule;
				SWIFT_EMIT_LOC_STRINGS = YES;
				SWIFT_OPTIMIZATION_LEVEL = "-O";
				SWIFT_VERSION = 5.0;
				TARGETED_DEVICE_FAMILY = "1,2";
				VALIDATE_PRODUCT = YES;
			};
			name = Release;
		};
/* End XCBuildConfiguration section */

/* Begin XCConfigurationList section */
		521CCCE928A8915500F57F9B /* Build configuration list for PBXNativeTarget "custom-material" */ = {
			isa = XCConfigurationList;
			buildConfigurations = (
				521CCCE728A8915500F57F9B /* Debug */,
				521CCCE828A8915500F57F9B /* Release */,
			);
			defaultConfigurationIsVisible = 0;
			defaultConfigurationName = Release;
		};
		524C296928AA828300B939F9 /* Build configuration list for PBXNativeTarget "football" */ = {
			isa = XCConfigurationList;
			buildConfigurations = (
				524C296A28AA828300B939F9 /* Debug */,
				524C296B28AA828300B939F9 /* Release */,
			);
			defaultConfigurationIsVisible = 0;
			defaultConfigurationName = Release;
		};
		524DC37528A7C5A30098EF11 /* Build configuration list for PBXProject "Apps" */ = {
			isa = XCConfigurationList;
			buildConfigurations = (
				524DC37628A7C5A30098EF11 /* Debug */,
				524DC37728A7C5A30098EF11 /* Release */,
			);
			defaultConfigurationIsVisible = 0;
			defaultConfigurationName = Release;
		};
		524DC39028A7C64F0098EF11 /* Build configuration list for PBXNativeTarget "skeleton" */ = {
			isa = XCConfigurationList;
			buildConfigurations = (
				524DC38E28A7C64F0098EF11 /* Debug */,
				524DC38F28A7C64F0098EF11 /* Release */,
			);
			defaultConfigurationIsVisible = 0;
			defaultConfigurationName = Release;
		};
/* End XCConfigurationList section */

/* Begin XCSwiftPackageProductDependency section */
		524C290A28A8953B00B939F9 /* RealityKitPlus */ = {
			isa = XCSwiftPackageProductDependency;
			productName = RealityKitPlus;
		};
		524C290C28A8954000B939F9 /* RealityKitPlus */ = {
			isa = XCSwiftPackageProductDependency;
			productName = RealityKitPlus;
		};
		524C297628ABDC3300B939F9 /* RealityKitPlus */ = {
			isa = XCSwiftPackageProductDependency;
			productName = RealityKitPlus;
		};
		524DC39228A7C86A0098EF11 /* SkeletonLib */ = {
			isa = XCSwiftPackageProductDependency;
			productName = SkeletonLib;
		};
/* End XCSwiftPackageProductDependency section */
	};
	rootObject = 524DC37228A7C5A30098EF11 /* Project object */;
}
